<?xml version="1.0" encoding="utf-8"?>
<Project ToolsVersion="4.0" xmlns="http://schemas.microsoft.com/developer/msbuild/2003">
  <ItemGroup>
    <Filter Include="Source Files">
      <UniqueIdentifier>{4FC737F1-C7A5-4376-A066-2A32D752A2FF}</UniqueIdentifier>
      <Extensions>cpp;c;cc;cxx;def;odl;idl;hpj;bat;asm;asmx</Extensions>
    </Filter>
    <Filter Include="Header Files">
      <UniqueIdentifier>{93995380-89BD-4b04-88EB-625FBE52EBFB}</UniqueIdentifier>
      <Extensions>h;hh;hpp;hxx;hm;inl;inc;xsd</Extensions>
    </Filter>
    <Filter Include="Resource Files">
      <UniqueIdentifier>{67DA6AB6-F800-4c08-8B7A-83BB121AAD01}</UniqueIdentifier>
      <Extensions>rc;ico;cur;bmp;dlg;rc2;rct;bin;rgs;gif;jpg;jpeg;jpe;resx;tiff;tif;png;wav;mfcribbon-ms</Extensions>
    </Filter>
    <Filter Include="Header Files\Event">
      <UniqueIdentifier>{57956778-a8b9-4bc5-8921-0da9e529929d}</UniqueIdentifier>
    </Filter>
    <Filter Include="Header Files\Manager">
      <UniqueIdentifier>{3c6a65d2-155b-48f8-a797-42ba521a12aa}</UniqueIdentifier>
    </Filter>
    <Filter Include="Header Files\Enums">
      <UniqueIdentifier>{54b2b785-f8dc-410f-a45c-3af88565de5d}</UniqueIdentifier>
    </Filter>
    <Filter Include="Header Files\Enums\Display">
      <UniqueIdentifier>{744c14e5-e66e-47d6-9efe-2b6fcb3adf82}</UniqueIdentifier>
    </Filter>
    <Filter Include="Header Files\Enums\Keyboard">
      <UniqueIdentifier>{ed4638f7-b7a1-4820-ac7b-9c10299af280}</UniqueIdentifier>
    </Filter>
    <Filter Include="Header Files\Enums\Mouse">
      <UniqueIdentifier>{fd25077d-ac5c-40e3-9b40-07aa408863ca}</UniqueIdentifier>
    </Filter>
    <Filter Include="Header Files\Utility">
      <UniqueIdentifier>{035bce69-3adb-4f0c-b9c4-bf73e051d7f5}</UniqueIdentifier>
    </Filter>
    <Filter Include="Header Files\Object">
      <UniqueIdentifier>{578e3646-886e-448b-a012-4bacaed9033d}</UniqueIdentifier>
    </Filter>
    <Filter Include="Header Files\Enums\Object">
      <UniqueIdentifier>{8cc1ad3d-6d39-4e98-9dcb-228c106371a2}</UniqueIdentifier>
    </Filter>
  </ItemGroup>
  <ItemGroup>
    <ClInclude Include="Include\Color.h">
      <Filter>Header Files\Enums\Display</Filter>
    </ClInclude>
    <ClInclude Include="Include\Justification.h">
      <Filter>Header Files\Enums\Display</Filter>
    </ClInclude>
    <ClInclude Include="Include\Key.h">
      <Filter>Header Files\Enums\Keyboard</Filter>
    </ClInclude>
    <ClInclude Include="Include\KeyboardAction.h">
      <Filter>Header Files\Enums\Keyboard</Filter>
    </ClInclude>
    <ClInclude Include="Include\Button.h">
      <Filter>Header Files\Enums\Mouse</Filter>
    </ClInclude>
    <ClInclude Include="Include\MouseAction.h">
      <Filter>Header Files\Enums\Mouse</Filter>
    </ClInclude>
    <ClInclude Include="Include\Event.h">
      <Filter>Header Files\Event</Filter>
    </ClInclude>
    <ClInclude Include="Include\EventKeyboard.h">
      <Filter>Header Files\Event</Filter>
    </ClInclude>
    <ClInclude Include="Include\EventMouse.h">
      <Filter>Header Files\Event</Filter>
    </ClInclude>
    <ClInclude Include="Include\EventStep.h">
      <Filter>Header Files\Event</Filter>
    </ClInclude>
    <ClInclude Include="Include\DisplayManager.h">
      <Filter>Header Files\Manager</Filter>
    </ClInclude>
    <ClInclude Include="Include\GameManager.h">
      <Filter>Header Files\Manager</Filter>
    </ClInclude>
    <ClInclude Include="Include\InputManager.h">
      <Filter>Header Files\Manager</Filter>
    </ClInclude>
    <ClInclude Include="Include\LogManager.h">
      <Filter>Header Files\Manager</Filter>
    </ClInclude>
    <ClInclude Include="Include\Manager.h">
      <Filter>Header Files\Manager</Filter>
    </ClInclude>
    <ClInclude Include="Include\WorldManager.h">
      <Filter>Header Files\Manager</Filter>
    </ClInclude>
    <ClInclude Include="Include\Object.h">
      <Filter>Header Files\Object</Filter>
    </ClInclude>
    <ClInclude Include="Include\ObjectList.h">
      <Filter>Header Files\Object</Filter>
    </ClInclude>
    <ClInclude Include="Include\ObjectListIterator.h">
      <Filter>Header Files\Object</Filter>
    </ClInclude>
    <ClInclude Include="Include\Clock.h">
      <Filter>Header Files\Utility</Filter>
    </ClInclude>
    <ClInclude Include="Include\Vector.h">
      <Filter>Header Files\Utility</Filter>
    </ClInclude>
    <ClInclude Include="Include\TestObject.h">
      <Filter>Header Files</Filter>
    </ClInclude>
    <ClInclude Include="Include\Utility.h">
      <Filter>Header Files\Utility</Filter>
    </ClInclude>
    <ClInclude Include="Include\Solidness.h">
      <Filter>Header Files\Enums\Object</Filter>
    </ClInclude>
    <ClInclude Include="Include\EventCollision.h">
      <Filter>Header Files\Event</Filter>
    </ClInclude>
    <ClInclude Include="Include\EventOut.h">
      <Filter>Header Files\Event</Filter>
    </ClInclude>
    <ClInclude Include="Include\TestVelocityObject.h">
      <Filter>Header Files</Filter>
    </ClInclude>
    <ClInclude Include="Include\TestBoundaryObject.h">
      <Filter>Header Files</Filter>
    </ClInclude>
    <ClInclude Include="Include\Frame.h">
      <Filter>Header Files\Object</Filter>
    </ClInclude>
    <ClInclude Include="Include\Sprite.h">
      <Filter>Header Files\Object</Filter>
    </ClInclude>
    <ClInclude Include="Include\ResourceManager.h">
      <Filter>Header Files\Manager</Filter>
    </ClInclude>
    <ClInclude Include="Include\Box.h">
      <Filter>Header Files\Object</Filter>
    </ClInclude>
  </ItemGroup>
  <ItemGroup>
    <ClCompile Include="Source\Clock.cpp">
      <Filter>Source Files</Filter>
    </ClCompile>
    <ClCompile Include="Source\DisplayManager.cpp">
      <Filter>Source Files</Filter>
    </ClCompile>
    <ClCompile Include="Source\Event.cpp">
      <Filter>Source Files</Filter>
    </ClCompile>
    <ClCompile Include="Source\EventKeyboard.cpp">
      <Filter>Source Files</Filter>
    </ClCompile>
    <ClCompile Include="Source\EventMouse.cpp">
      <Filter>Source Files</Filter>
    </ClCompile>
    <ClCompile Include="Source\EventStep.cpp">
      <Filter>Source Files</Filter>
    </ClCompile>
    <ClCompile Include="Source\GameManager.cpp">
      <Filter>Source Files</Filter>
    </ClCompile>
    <ClCompile Include="Source\InputManager.cpp">
      <Filter>Source Files</Filter>
    </ClCompile>
    <ClCompile Include="Source\LogManager.cpp">
      <Filter>Source Files</Filter>
    </ClCompile>
    <ClCompile Include="Source\Manager.cpp">
      <Filter>Source Files</Filter>
    </ClCompile>
    <ClCompile Include="Source\Object.cpp">
      <Filter>Source Files</Filter>
    </ClCompile>
    <ClCompile Include="Source\ObjectList.cpp">
      <Filter>Source Files</Filter>
    </ClCompile>
    <ClCompile Include="Source\ObjectListIterator.cpp">
      <Filter>Source Files</Filter>
    </ClCompile>
    <ClCompile Include="Source\TestObject.cpp">
      <Filter>Source Files</Filter>
    </ClCompile>
    <ClCompile Include="Source\Vector.cpp">
      <Filter>Source Files</Filter>
    </ClCompile>
    <ClCompile Include="Source\WorldManager.cpp">
      <Filter>Source Files</Filter>
    </ClCompile>
    <ClCompile Include="Source\game.cpp">
      <Filter>Source Files</Filter>
    </ClCompile>
    <ClCompile Include="Source\Utility.cpp">
      <Filter>Source Files</Filter>
    </ClCompile>
    <ClCompile Include="Source\EventCollision.cpp">
      <Filter>Source Files</Filter>
    </ClCompile>
    <ClCompile Include="Source\EventOut.cpp">
      <Filter>Source Files</Filter>
    </ClCompile>
    <ClCompile Include="Source\TestVelocityObject.cpp">
      <Filter>Source Files</Filter>
    </ClCompile>
    <ClCompile Include="Source\TestBoundaryObject.cpp">
      <Filter>Source Files</Filter>
    </ClCompile>
    <ClCompile Include="Source\Frame.cpp">
      <Filter>Source Files</Filter>
    </ClCompile>
    <ClCompile Include="Source\Sprite.cpp">
      <Filter>Source Files</Filter>
    </ClCompile>
    <ClCompile Include="Source\ResourceManager.cpp">
      <Filter>Source Files</Filter>
    </ClCompile>
    <ClCompile Include="Source\Box.cpp">
      <Filter>Source Files</Filter>
    </ClCompile>
  </ItemGroup>
</Project>